[[package]]
name = "objects"
version = "0.3.1"
description = "A corpus of object images"
category = "main"
optional = false
python-versions = "*"

[[package]]
name = "save"
version = "0.1"
description = "A very simple module to safely save data to files in python"
category = "main"
optional = false
python-versions = "*"

[metadata]
lock-version = "1.1"
python-versions = "^3.8"
content-hash = "5e5c130fc2efffae73d415a7c5b5725eee6fed0eeda29aef21b865014cc31f0c"

[metadata.files]
objects = [
    {file = "objects-0.3.1.tar.gz", hash = "sha256:c661db0a90b63e27ec9cd51e80f2b53c2df4d091a6e0069b33d8904f90745b8a"},
]
save = [
    {file = "save-0.1.tar.gz", hash = "sha256:5b93591b8c0b3e37a715eaaf120eecaf9fd7b8580f45f8d018fefa41bb3eb1eb"},
]
